
Microsoft Visual Studio Solution File, Format Version 12.00
# Visual Studio Version 17
VisualStudioVersion = 17.8.34525.116
MinimumVisualStudioVersion = 10.0.40219.1
Project("{FAE04EC0-301F-11D3-BF4B-00C04F79EFBC}") = "clacular4numeros", "clacular4numeros\clacular4numeros.csproj", "{1F4E364F-6AE5-4D34-93AE-1D70B49BFCD9}"
EndProject
Global
	GlobalSection(SolutionConfigurationPlatforms) = preSolution
		Debug|Any CPU = Debug|Any CPU
		Release|Any CPU = Release|Any CPU
	EndGlobalSection
	GlobalSection(ProjectConfigurationPlatforms) = postSolution
		{1F4E364F-6AE5-4D34-93AE-1D70B49BFCD9}.Debug|Any CPU.ActiveCfg = Debug|Any CPU
		{1F4E364F-6AE5-4D34-93AE-1D70B49BFCD9}.Debug|Any CPU.Build.0 = Debug|Any CPU
		{1F4E364F-6AE5-4D34-93AE-1D70B49BFCD9}.Release|Any CPU.ActiveCfg = Release|Any CPU
		{1F4E364F-6AE5-4D34-93AE-1D70B49BFCD9}.Release|Any CPU.Build.0 = Release|Any CPU
	EndGlobalSection
	GlobalSection(SolutionProperties) = preSolution
		HideSolutionNode = FALSE
	EndGlobalSection
	GlobalSection(ExtensibilityGlobals) = postSolution
		SolutionGuid = {493F6282-65B9-4476-A601-9C452F61B354}
	EndGlobalSection
EndGlobal
